
Microsoft Visual Studio Solution File, Format Version 12.00
# Visual Studio Version 16
VisualStudioVersion = 16.0.31005.135
MinimumVisualStudioVersion = 10.0.40219.1
Project("{FAE04EC0-301F-11D3-BF4B-00C04F79EFBC}") = "kirin_noa", "kirin_noa\kirin_noa.csproj", "{66D3351C-3D4F-4BD3-9150-013B4302C988}"
EndProject
Global
	GlobalSection(SolutionConfigurationPlatforms) = preSolution
		Debug|Any CPU = Debug|Any CPU
		Release|Any CPU = Release|Any CPU
	EndGlobalSection
	GlobalSection(ProjectConfigurationPlatforms) = postSolution
		{66D3351C-3D4F-4BD3-9150-013B4302C988}.Debug|Any CPU.ActiveCfg = Debug|Any CPU
		{66D3351C-3D4F-4BD3-9150-013B4302C988}.Debug|Any CPU.Build.0 = Debug|Any CPU
		{66D3351C-3D4F-4BD3-9150-013B4302C988}.Release|Any CPU.ActiveCfg = Release|Any CPU
		{66D3351C-3D4F-4BD3-9150-013B4302C988}.Release|Any CPU.Build.0 = Release|Any CPU
	EndGlobalSection
	GlobalSection(SolutionProperties) = preSolution
		HideSolutionNode = FALSE
	EndGlobalSection
	GlobalSection(ExtensibilityGlobals) = postSolution
		SolutionGuid = {F84CF8D9-5A71-4ECD-90DE-CD6BB4774D6C}
	EndGlobalSection
EndGlobal
